
Microsoft Visual Studio Solution File, Format Version 12.00
# Visual Studio Version 16
VisualStudioVersion = 16.0.29806.167
MinimumVisualStudioVersion = 10.0.40219.1
Project("{FAE04EC0-301F-11D3-BF4B-00C04F79EFBC}") = "WpfApp1", "WpfApp1\WpfApp1.csproj", "{171AED07-ED0E-4FDE-808F-068420EAB7C9}"
EndProject
Global
	GlobalSection(SolutionConfigurationPlatforms) = preSolution
		Debug|Any CPU = Debug|Any CPU
		Release|Any CPU = Release|Any CPU
	EndGlobalSection
	GlobalSection(ProjectConfigurationPlatforms) = postSolution
		{171AED07-ED0E-4FDE-808F-068420EAB7C9}.Debug|Any CPU.ActiveCfg = Debug|Any CPU
		{171AED07-ED0E-4FDE-808F-068420EAB7C9}.Debug|Any CPU.Build.0 = Debug|Any CPU
		{171AED07-ED0E-4FDE-808F-068420EAB7C9}.Release|Any CPU.ActiveCfg = Release|Any CPU
		{171AED07-ED0E-4FDE-808F-068420EAB7C9}.Release|Any CPU.Build.0 = Release|Any CPU
	EndGlobalSection
	GlobalSection(SolutionProperties) = preSolution
		HideSolutionNode = FALSE
	EndGlobalSection
	GlobalSection(ExtensibilityGlobals) = postSolution
		SolutionGuid = {1FC8C5E0-C5CE-4152-967E-D5CCD60E64A4}
	EndGlobalSection
EndGlobal
